Microsoft Visual Studio Solution File, Format Version 11.00
# Visual Studio 2008

Project("{44AC6119-A7A7-A60E-65A3-E2B852EBD6C0}") = "rogue", "Assembly-CSharp.csproj", "{68E3F8E2-1CE7-BBA0-99BB-E992B1F65EFA}"
EndProject
Global
	GlobalSection(SolutionConfigurationPlatforms) = preSolution
		Debug|Any CPU = Debug|Any CPU
		Release|Any CPU = Release|Any CPU
	EndGlobalSection
	GlobalSection(ProjectConfigurationPlatforms) = postSolution
		{68E3F8E2-1CE7-BBA0-99BB-E992B1F65EFA}.Debug|Any CPU.ActiveCfg = Debug|Any CPU
		{68E3F8E2-1CE7-BBA0-99BB-E992B1F65EFA}.Debug|Any CPU.Build.0 = Debug|Any CPU
		{68E3F8E2-1CE7-BBA0-99BB-E992B1F65EFA}.Release|Any CPU.ActiveCfg = Release|Any CPU
		{68E3F8E2-1CE7-BBA0-99BB-E992B1F65EFA}.Release|Any CPU.Build.0 = Release|Any CPU
	EndGlobalSection
	GlobalSection(SolutionProperties) = preSolution
		HideSolutionNode = FALSE
	EndGlobalSection
	GlobalSection(MonoDevelopProperties) = preSolution
		StartupItem = Assembly-CSharp.csproj
	EndGlobalSection
EndGlobal
